
Microsoft Visual Studio Solution File, Format Version 12.00
# Visual Studio Version 16
VisualStudioVersion = 16.0.31424.327
MinimumVisualStudioVersion = 10.0.40219.1
Project("{8BC9CEB8-8B4A-11D0-8D11-00A0C91BC942}") = "Hotel Managing System", "Hotel Managing System\Hotel Managing System.vcxproj", "{D7162451-11D9-415F-895D-8B79E1BFABE4}"
EndProject
Global
	GlobalSection(SolutionConfigurationPlatforms) = preSolution
		Debug|x64 = Debug|x64
		Release|x64 = Release|x64
	EndGlobalSection
	GlobalSection(ProjectConfigurationPlatforms) = postSolution
		{D7162451-11D9-415F-895D-8B79E1BFABE4}.Debug|x64.ActiveCfg = Debug|x64
		{D7162451-11D9-415F-895D-8B79E1BFABE4}.Debug|x64.Build.0 = Debug|x64
		{D7162451-11D9-415F-895D-8B79E1BFABE4}.Release|x64.ActiveCfg = Release|x64
		{D7162451-11D9-415F-895D-8B79E1BFABE4}.Release|x64.Build.0 = Release|x64
	EndGlobalSection
	GlobalSection(SolutionProperties) = preSolution
		HideSolutionNode = FALSE
	EndGlobalSection
	GlobalSection(ExtensibilityGlobals) = postSolution
		SolutionGuid = {3D06C887-8775-4DCF-B6D0-3C0A338231B6}
	EndGlobalSection
EndGlobal
